
Microsoft Visual Studio Solution File, Format Version 12.00
# Visual Studio Version 17
VisualStudioVersion = 17.10.34916.146
MinimumVisualStudioVersion = 10.0.40219.1
Project("{FAE04EC0-301F-11D3-BF4B-00C04F79EFBC}") = "BlazorApp1", "BlazorApp1\BlazorApp1.csproj", "{9B4B1D5E-8155-470A-9FF1-BC4945F1FD6F}"
EndProject
Global
	GlobalSection(SolutionConfigurationPlatforms) = preSolution
		Debug|Any CPU = Debug|Any CPU
		Release|Any CPU = Release|Any CPU
	EndGlobalSection
	GlobalSection(ProjectConfigurationPlatforms) = postSolution
		{9B4B1D5E-8155-470A-9FF1-BC4945F1FD6F}.Debug|Any CPU.ActiveCfg = Debug|Any CPU
		{9B4B1D5E-8155-470A-9FF1-BC4945F1FD6F}.Debug|Any CPU.Build.0 = Debug|Any CPU
		{9B4B1D5E-8155-470A-9FF1-BC4945F1FD6F}.Release|Any CPU.ActiveCfg = Release|Any CPU
		{9B4B1D5E-8155-470A-9FF1-BC4945F1FD6F}.Release|Any CPU.Build.0 = Release|Any CPU
	EndGlobalSection
	GlobalSection(SolutionProperties) = preSolution
		HideSolutionNode = FALSE
	EndGlobalSection
	GlobalSection(ExtensibilityGlobals) = postSolution
		SolutionGuid = {572D9DF5-D980-4EFE-BD54-B7EA25E90C10}
	EndGlobalSection
EndGlobal
